
Microsoft Visual Studio Solution File, Format Version 12.00
# Visual Studio 15
VisualStudioVersion = 15.0.28307.1321
MinimumVisualStudioVersion = 10.0.40219.1
Project("{FAE04EC0-301F-11D3-BF4B-00C04F79EFBC}") = "AspLearningAPP", "AspLearningAPP\AspLearningAPP.csproj", "{2C5ADB2E-4C66-4A03-9E16-AA3AE58C79AC}"
EndProject
Global
	GlobalSection(SolutionConfigurationPlatforms) = preSolution
		Debug|Any CPU = Debug|Any CPU
		Release|Any CPU = Release|Any CPU
	EndGlobalSection
	GlobalSection(ProjectConfigurationPlatforms) = postSolution
		{2C5ADB2E-4C66-4A03-9E16-AA3AE58C79AC}.Debug|Any CPU.ActiveCfg = Debug|Any CPU
		{2C5ADB2E-4C66-4A03-9E16-AA3AE58C79AC}.Debug|Any CPU.Build.0 = Debug|Any CPU
		{2C5ADB2E-4C66-4A03-9E16-AA3AE58C79AC}.Release|Any CPU.ActiveCfg = Release|Any CPU
		{2C5ADB2E-4C66-4A03-9E16-AA3AE58C79AC}.Release|Any CPU.Build.0 = Release|Any CPU
	EndGlobalSection
	GlobalSection(SolutionProperties) = preSolution
		HideSolutionNode = FALSE
	EndGlobalSection
	GlobalSection(ExtensibilityGlobals) = postSolution
		SolutionGuid = {3F9B4973-AEE6-464F-859C-7E04BF0FF758}
	EndGlobalSection
EndGlobal
